# This is a Gradle generated file for dependency locking.
# Manual edits can break the build and are not advised.
# This file is expected to be part of source control.
androidx.activity:activity-compose:1.8.2=apporoReleaseRuntimeClasspath,woowtechReleaseRuntimeClasspath
androidx.activity:activity-ktx:1.8.2=apporoReleaseRuntimeClasspath,woowtechReleaseRuntimeClasspath
androidx.activity:activity:1.8.2=apporoReleaseRuntimeClasspath,woowtechReleaseRuntimeClasspath
androidx.annotation:annotation-experimental:1.4.0=apporoReleaseRuntimeClasspath,woowtechReleaseRuntimeClasspath
androidx.annotation:annotation-jvm:1.9.1=apporoReleaseRuntimeClasspath,woowtechReleaseRuntimeClasspath
androidx.annotation:annotation:1.9.1=apporoReleaseRuntimeClasspath,woowtechReleaseRuntimeClasspath
androidx.appcompat:appcompat-resources:1.6.1=apporoReleaseRuntimeClasspath,woowtechReleaseRuntimeClasspath
androidx.appcompat:appcompat:1.6.1=apporoReleaseRuntimeClasspath,woowtechReleaseRuntimeClasspath
androidx.arch.core:core-common:2.2.0=apporoReleaseRuntimeClasspath,woowtechReleaseRuntimeClasspath
androidx.arch.core:core-runtime:2.2.0=apporoReleaseRuntimeClasspath,woowtechReleaseRuntimeClasspath
androidx.autofill:autofill:1.0.0=apporoReleaseRuntimeClasspath,woowtechReleaseRuntimeClasspath
androidx.biometric:biometric:1.2.0-alpha05=apporoReleaseRuntimeClasspath,woowtechReleaseRuntimeClasspath
androidx.collection:collection-jvm:1.5.0=apporoReleaseRuntimeClasspath,woowtechReleaseRuntimeClasspath
androidx.collection:collection-ktx:1.5.0=apporoReleaseRuntimeClasspath,woowtechReleaseRuntimeClasspath
androidx.collection:collection:1.5.0=apporoReleaseRuntimeClasspath,woowtechReleaseRuntimeClasspath
androidx.compose.animation:animation-android:1.6.1=apporoReleaseRuntimeClasspath,woowtechReleaseRuntimeClasspath
androidx.compose.animation:animation-core-android:1.6.1=apporoReleaseRuntimeClasspath,woowtechReleaseRuntimeClasspath
androidx.compose.animation:animation-core:1.6.1=apporoReleaseRuntimeClasspath,woowtechReleaseRuntimeClasspath
androidx.compose.animation:animation:1.6.1=apporoReleaseRuntimeClasspath,woowtechReleaseRuntimeClasspath
androidx.compose.foundation:foundation-android:1.6.1=apporoReleaseRuntimeClasspath,woowtechReleaseRuntimeClasspath
androidx.compose.foundation:foundation-layout-android:1.6.1=apporoReleaseRuntimeClasspath,woowtechReleaseRuntimeClasspath
androidx.compose.foundation:foundation-layout:1.6.1=apporoReleaseRuntimeClasspath,woowtechReleaseRuntimeClasspath
androidx.compose.foundation:foundation:1.6.1=apporoReleaseRuntimeClasspath,woowtechReleaseRuntimeClasspath
androidx.compose.material3:material3-android:1.2.0=apporoReleaseRuntimeClasspath,woowtechReleaseRuntimeClasspath
androidx.compose.material3:material3:1.2.0=apporoReleaseRuntimeClasspath,woowtechReleaseRuntimeClasspath
androidx.compose.material:material-icons-core-android:1.6.1=apporoReleaseRuntimeClasspath,woowtechReleaseRuntimeClasspath
androidx.compose.material:material-icons-core:1.6.1=apporoReleaseRuntimeClasspath,woowtechReleaseRuntimeClasspath
androidx.compose.material:material-icons-extended-android:1.6.1=apporoReleaseRuntimeClasspath,woowtechReleaseRuntimeClasspath
androidx.compose.material:material-icons-extended:1.6.1=apporoReleaseRuntimeClasspath,woowtechReleaseRuntimeClasspath
androidx.compose.material:material-ripple-android:1.6.1=apporoReleaseRuntimeClasspath,woowtechReleaseRuntimeClasspath
androidx.compose.material:material-ripple:1.6.1=apporoReleaseRuntimeClasspath,woowtechReleaseRuntimeClasspath
androidx.compose.runtime:runtime-android:1.6.1=apporoReleaseRuntimeClasspath,woowtechReleaseRuntimeClasspath
androidx.compose.runtime:runtime-saveable-android:1.6.1=apporoReleaseRuntimeClasspath,woowtechReleaseRuntimeClasspath
androidx.compose.runtime:runtime-saveable:1.6.1=apporoReleaseRuntimeClasspath,woowtechReleaseRuntimeClasspath
androidx.compose.runtime:runtime:1.6.1=apporoReleaseRuntimeClasspath,woowtechReleaseRuntimeClasspath
androidx.compose.ui:ui-android:1.6.1=apporoReleaseRuntimeClasspath,woowtechReleaseRuntimeClasspath
androidx.compose.ui:ui-geometry-android:1.6.1=apporoReleaseRuntimeClasspath,woowtechReleaseRuntimeClasspath
androidx.compose.ui:ui-geometry:1.6.1=apporoReleaseRuntimeClasspath,woowtechReleaseRuntimeClasspath
androidx.compose.ui:ui-graphics-android:1.6.1=apporoReleaseRuntimeClasspath,woowtechReleaseRuntimeClasspath
androidx.compose.ui:ui-graphics:1.6.1=apporoReleaseRuntimeClasspath,woowtechReleaseRuntimeClasspath
androidx.compose.ui:ui-text-android:1.6.1=apporoReleaseRuntimeClasspath,woowtechReleaseRuntimeClasspath
androidx.compose.ui:ui-text:1.6.1=apporoReleaseRuntimeClasspath,woowtechReleaseRuntimeClasspath
androidx.compose.ui:ui-tooling-preview-android:1.6.1=apporoReleaseRuntimeClasspath,woowtechReleaseRuntimeClasspath
androidx.compose.ui:ui-tooling-preview:1.6.1=apporoReleaseRuntimeClasspath,woowtechReleaseRuntimeClasspath
androidx.compose.ui:ui-unit-android:1.6.1=apporoReleaseRuntimeClasspath,woowtechReleaseRuntimeClasspath
androidx.compose.ui:ui-unit:1.6.1=apporoReleaseRuntimeClasspath,woowtechReleaseRuntimeClasspath
androidx.compose.ui:ui-util-android:1.6.1=apporoReleaseRuntimeClasspath,woowtechReleaseRuntimeClasspath
androidx.compose.ui:ui-util:1.6.1=apporoReleaseRuntimeClasspath,woowtechReleaseRuntimeClasspath
androidx.compose.ui:ui:1.6.1=apporoReleaseRuntimeClasspath,woowtechReleaseRuntimeClasspath
androidx.compose:compose-bom:2024.02.00=apporoReleaseRuntimeClasspath,woowtechReleaseRuntimeClasspath
androidx.concurrent:concurrent-futures:1.1.0=apporoReleaseRuntimeClasspath,woowtechReleaseRuntimeClasspath
androidx.core:core-ktx:1.12.0=apporoReleaseRuntimeClasspath,woowtechReleaseRuntimeClasspath
androidx.core:core:1.12.0=apporoReleaseRuntimeClasspath,woowtechReleaseRuntimeClasspath
androidx.cursoradapter:cursoradapter:1.0.0=apporoReleaseRuntimeClasspath,woowtechReleaseRuntimeClasspath
androidx.customview:customview-poolingcontainer:1.0.0=apporoReleaseRuntimeClasspath,woowtechReleaseRuntimeClasspath
androidx.customview:customview:1.0.0=apporoReleaseRuntimeClasspath,woowtechReleaseRuntimeClasspath
androidx.datastore:datastore-core:1.0.0=apporoReleaseRuntimeClasspath,woowtechReleaseRuntimeClasspath
androidx.datastore:datastore-preferences-core:1.0.0=apporoReleaseRuntimeClasspath,woowtechReleaseRuntimeClasspath
androidx.datastore:datastore-preferences:1.0.0=apporoReleaseRuntimeClasspath,woowtechReleaseRuntimeClasspath
androidx.datastore:datastore:1.0.0=apporoReleaseRuntimeClasspath,woowtechReleaseRuntimeClasspath
androidx.documentfile:documentfile:1.0.0=apporoReleaseRuntimeClasspath,woowtechReleaseRuntimeClasspath
androidx.drawerlayout:drawerlayout:1.0.0=apporoReleaseRuntimeClasspath,woowtechReleaseRuntimeClasspath
androidx.emoji2:emoji2-views-helper:1.3.0=apporoReleaseRuntimeClasspath,woowtechReleaseRuntimeClasspath
androidx.emoji2:emoji2:1.3.0=apporoReleaseRuntimeClasspath,woowtechReleaseRuntimeClasspath
androidx.exifinterface:exifinterface:1.3.6=apporoReleaseRuntimeClasspath,woowtechReleaseRuntimeClasspath
androidx.fragment:fragment:1.5.1=apporoReleaseRuntimeClasspath,woowtechReleaseRuntimeClasspath
androidx.hilt:hilt-navigation-compose:1.2.0=apporoReleaseRuntimeClasspath,woowtechReleaseRuntimeClasspath
androidx.hilt:hilt-navigation:1.2.0=apporoReleaseRuntimeClasspath,woowtechReleaseRuntimeClasspath
androidx.interpolator:interpolator:1.0.0=apporoReleaseRuntimeClasspath,woowtechReleaseRuntimeClasspath
androidx.legacy:legacy-support-core-utils:1.0.0=apporoReleaseRuntimeClasspath,woowtechReleaseRuntimeClasspath
androidx.lifecycle:lifecycle-common-java8:2.7.0=apporoReleaseRuntimeClasspath,woowtechReleaseRuntimeClasspath
androidx.lifecycle:lifecycle-common:2.7.0=apporoReleaseRuntimeClasspath,woowtechReleaseRuntimeClasspath
androidx.lifecycle:lifecycle-livedata-core-ktx:2.7.0=apporoReleaseRuntimeClasspath,woowtechReleaseRuntimeClasspath
androidx.lifecycle:lifecycle-livedata-core:2.7.0=apporoReleaseRuntimeClasspath,woowtechReleaseRuntimeClasspath
androidx.lifecycle:lifecycle-livedata:2.7.0=apporoReleaseRuntimeClasspath,woowtechReleaseRuntimeClasspath
androidx.lifecycle:lifecycle-process:2.7.0=apporoReleaseRuntimeClasspath,woowtechReleaseRuntimeClasspath
androidx.lifecycle:lifecycle-runtime-compose:2.7.0=apporoReleaseRuntimeClasspath,woowtechReleaseRuntimeClasspath
androidx.lifecycle:lifecycle-runtime-ktx:2.7.0=apporoReleaseRuntimeClasspath,woowtechReleaseRuntimeClasspath
androidx.lifecycle:lifecycle-runtime:2.7.0=apporoReleaseRuntimeClasspath,woowtechReleaseRuntimeClasspath
androidx.lifecycle:lifecycle-viewmodel-compose:2.7.0=apporoReleaseRuntimeClasspath,woowtechReleaseRuntimeClasspath
androidx.lifecycle:lifecycle-viewmodel-ktx:2.7.0=apporoReleaseRuntimeClasspath,woowtechReleaseRuntimeClasspath
androidx.lifecycle:lifecycle-viewmodel-savedstate:2.7.0=apporoReleaseRuntimeClasspath,woowtechReleaseRuntimeClasspath
androidx.lifecycle:lifecycle-viewmodel:2.7.0=apporoReleaseRuntimeClasspath,woowtechReleaseRuntimeClasspath
androidx.loader:loader:1.0.0=apporoReleaseRuntimeClasspath,woowtechReleaseRuntimeClasspath
androidx.localbroadcastmanager:localbroadcastmanager:1.0.0=apporoReleaseRuntimeClasspath,woowtechReleaseRuntimeClasspath
androidx.navigation:navigation-common-ktx:2.7.7=apporoReleaseRuntimeClasspath,woowtechReleaseRuntimeClasspath
androidx.navigation:navigation-common:2.7.7=apporoReleaseRuntimeClasspath,woowtechReleaseRuntimeClasspath
androidx.navigation:navigation-compose:2.7.7=apporoReleaseRuntimeClasspath,woowtechReleaseRuntimeClasspath
androidx.navigation:navigation-runtime-ktx:2.7.7=apporoReleaseRuntimeClasspath,woowtechReleaseRuntimeClasspath
androidx.navigation:navigation-runtime:2.7.7=apporoReleaseRuntimeClasspath,woowtechReleaseRuntimeClasspath
androidx.print:print:1.0.0=apporoReleaseRuntimeClasspath,woowtechReleaseRuntimeClasspath
androidx.profileinstaller:profileinstaller:1.3.1=apporoReleaseRuntimeClasspath,woowtechReleaseRuntimeClasspath
androidx.resourceinspection:resourceinspection-annotation:1.0.1=apporoReleaseRuntimeClasspath,woowtechReleaseRuntimeClasspath
androidx.room:room-common:2.6.1=apporoReleaseRuntimeClasspath,woowtechReleaseRuntimeClasspath
androidx.room:room-ktx:2.6.1=apporoReleaseRuntimeClasspath,woowtechReleaseRuntimeClasspath
androidx.room:room-runtime:2.6.1=apporoReleaseRuntimeClasspath,woowtechReleaseRuntimeClasspath
androidx.savedstate:savedstate-ktx:1.2.1=apporoReleaseRuntimeClasspath,woowtechReleaseRuntimeClasspath
androidx.savedstate:savedstate:1.2.1=apporoReleaseRuntimeClasspath,woowtechReleaseRuntimeClasspath
androidx.sqlite:sqlite-framework:2.4.0=apporoReleaseRuntimeClasspath,woowtechReleaseRuntimeClasspath
androidx.sqlite:sqlite:2.4.0=apporoReleaseRuntimeClasspath,woowtechReleaseRuntimeClasspath
androidx.startup:startup-runtime:1.1.1=apporoReleaseRuntimeClasspath,woowtechReleaseRuntimeClasspath
androidx.tracing:tracing:1.0.0=apporoReleaseRuntimeClasspath,woowtechReleaseRuntimeClasspath
androidx.vectordrawable:vectordrawable-animated:1.1.0=apporoReleaseRuntimeClasspath,woowtechReleaseRuntimeClasspath
androidx.vectordrawable:vectordrawable:1.1.0=apporoReleaseRuntimeClasspath,woowtechReleaseRuntimeClasspath
androidx.versionedparcelable:versionedparcelable:1.1.1=apporoReleaseRuntimeClasspath,woowtechReleaseRuntimeClasspath
androidx.viewpager:viewpager:1.0.0=apporoReleaseRuntimeClasspath,woowtechReleaseRuntimeClasspath
com.google.accompanist:accompanist-drawablepainter:0.32.0=apporoReleaseRuntimeClasspath,woowtechReleaseRuntimeClasspath
com.google.android.datatransport:transport-api:3.1.0=apporoReleaseRuntimeClasspath,woowtechReleaseRuntimeClasspath
com.google.android.datatransport:transport-backend-cct:3.1.9=apporoReleaseRuntimeClasspath,woowtechReleaseRuntimeClasspath
com.google.android.datatransport:transport-runtime:3.1.9=apporoReleaseRuntimeClasspath,woowtechReleaseRuntimeClasspath
com.google.android.gms:play-services-base:18.0.1=apporoReleaseRuntimeClasspath,woowtechReleaseRuntimeClasspath
com.google.android.gms:play-services-basement:18.3.0=apporoReleaseRuntimeClasspath,woowtechReleaseRuntimeClasspath
com.google.android.gms:play-services-cloud-messaging:17.2.0=apporoReleaseRuntimeClasspath,woowtechReleaseRuntimeClasspath
com.google.android.gms:play-services-stats:17.0.2=apporoReleaseRuntimeClasspath,woowtechReleaseRuntimeClasspath
com.google.android.gms:play-services-tasks:18.1.0=apporoReleaseRuntimeClasspath,woowtechReleaseRuntimeClasspath
com.google.code.findbugs:jsr305:3.0.2=apporoReleaseRuntimeClasspath,woowtechReleaseRuntimeClasspath
com.google.code.gson:gson:2.10.1=apporoReleaseRuntimeClasspath,woowtechReleaseRuntimeClasspath
com.google.crypto.tink:tink-android:1.19.0=apporoReleaseRuntimeClasspath,woowtechReleaseRuntimeClasspath
com.google.dagger:dagger-lint-aar:2.57=apporoReleaseRuntimeClasspath,woowtechReleaseRuntimeClasspath
com.google.dagger:dagger:2.57=apporoReleaseRuntimeClasspath,woowtechReleaseRuntimeClasspath
com.google.dagger:hilt-android:2.57=apporoReleaseRuntimeClasspath,woowtechReleaseRuntimeClasspath
com.google.dagger:hilt-core:2.57=apporoReleaseRuntimeClasspath,woowtechReleaseRuntimeClasspath
com.google.errorprone:error_prone_annotations:2.26.0=apporoReleaseRuntimeClasspath,woowtechReleaseRuntimeClasspath
com.google.firebase:firebase-annotations:16.2.0=apporoReleaseRuntimeClasspath,woowtechReleaseRuntimeClasspath
com.google.firebase:firebase-bom:33.7.0=apporoReleaseRuntimeClasspath,woowtechReleaseRuntimeClasspath
com.google.firebase:firebase-common-ktx:21.0.0=apporoReleaseRuntimeClasspath,woowtechReleaseRuntimeClasspath
com.google.firebase:firebase-common:21.0.0=apporoReleaseRuntimeClasspath,woowtechReleaseRuntimeClasspath
com.google.firebase:firebase-components:18.0.0=apporoReleaseRuntimeClasspath,woowtechReleaseRuntimeClasspath
com.google.firebase:firebase-datatransport:18.2.0=apporoReleaseRuntimeClasspath,woowtechReleaseRuntimeClasspath
com.google.firebase:firebase-encoders-json:18.0.0=apporoReleaseRuntimeClasspath,woowtechReleaseRuntimeClasspath
com.google.firebase:firebase-encoders-proto:16.0.0=apporoReleaseRuntimeClasspath,woowtechReleaseRuntimeClasspath
com.google.firebase:firebase-encoders:17.0.0=apporoReleaseRuntimeClasspath,woowtechReleaseRuntimeClasspath
com.google.firebase:firebase-iid-interop:17.1.0=apporoReleaseRuntimeClasspath,woowtechReleaseRuntimeClasspath
com.google.firebase:firebase-installations-interop:17.1.1=apporoReleaseRuntimeClasspath,woowtechReleaseRuntimeClasspath
com.google.firebase:firebase-installations:18.0.0=apporoReleaseRuntimeClasspath,woowtechReleaseRuntimeClasspath
com.google.firebase:firebase-measurement-connector:19.0.0=apporoReleaseRuntimeClasspath,woowtechReleaseRuntimeClasspath
com.google.firebase:firebase-messaging:24.1.0=apporoReleaseRuntimeClasspath,woowtechReleaseRuntimeClasspath
com.google.guava:listenablefuture:1.0=apporoReleaseRuntimeClasspath,woowtechReleaseRuntimeClasspath
com.jakewharton.timber:timber:5.0.1=apporoReleaseRuntimeClasspath,woowtechReleaseRuntimeClasspath
com.squareup.okhttp3:logging-interceptor:4.12.0=apporoReleaseRuntimeClasspath,woowtechReleaseRuntimeClasspath
com.squareup.okhttp3:okhttp:4.12.0=apporoReleaseRuntimeClasspath,woowtechReleaseRuntimeClasspath
com.squareup.okio:okio-jvm:3.6.0=apporoReleaseRuntimeClasspath,woowtechReleaseRuntimeClasspath
com.squareup.okio:okio:3.6.0=apporoReleaseRuntimeClasspath,woowtechReleaseRuntimeClasspath
com.squareup.retrofit2:converter-gson:2.9.0=apporoReleaseRuntimeClasspath,woowtechReleaseRuntimeClasspath
com.squareup.retrofit2:retrofit:2.9.0=apporoReleaseRuntimeClasspath,woowtechReleaseRuntimeClasspath
dev.spght:encryptedprefs-core:1.1.1=apporoReleaseRuntimeClasspath,woowtechReleaseRuntimeClasspath
io.coil-kt:coil-base:2.5.0=apporoReleaseRuntimeClasspath,woowtechReleaseRuntimeClasspath
io.coil-kt:coil-compose-base:2.5.0=apporoReleaseRuntimeClasspath,woowtechReleaseRuntimeClasspath
io.coil-kt:coil-compose:2.5.0=apporoReleaseRuntimeClasspath,woowtechReleaseRuntimeClasspath
io.coil-kt:coil:2.5.0=apporoReleaseRuntimeClasspath,woowtechReleaseRuntimeClasspath
jakarta.inject:jakarta.inject-api:2.0.1=apporoReleaseRuntimeClasspath,woowtechReleaseRuntimeClasspath
javax.inject:javax.inject:1=apporoReleaseRuntimeClasspath,woowtechReleaseRuntimeClasspath
org.jetbrains.kotlin:kotlin-stdlib-common:2.2.0=apporoReleaseRuntimeClasspath,woowtechReleaseRuntimeClasspath
org.jetbrains.kotlin:kotlin-stdlib-jdk7:1.9.10=apporoReleaseRuntimeClasspath,woowtechReleaseRuntimeClasspath
org.jetbrains.kotlin:kotlin-stdlib-jdk8:1.9.10=apporoReleaseRuntimeClasspath,woowtechReleaseRuntimeClasspath
org.jetbrains.kotlin:kotlin-stdlib:2.2.0=apporoReleaseRuntimeClasspath,woowtechReleaseRuntimeClasspath
org.jetbrains.kotlinx:kotlinx-coroutines-android:1.8.0=apporoReleaseRuntimeClasspath,woowtechReleaseRuntimeClasspath
org.jetbrains.kotlinx:kotlinx-coroutines-bom:1.8.0=apporoReleaseRuntimeClasspath,woowtechReleaseRuntimeClasspath
org.jetbrains.kotlinx:kotlinx-coroutines-core-jvm:1.8.0=apporoReleaseRuntimeClasspath,woowtechReleaseRuntimeClasspath
org.jetbrains.kotlinx:kotlinx-coroutines-core:1.8.0=apporoReleaseRuntimeClasspath,woowtechReleaseRuntimeClasspath
org.jetbrains.kotlinx:kotlinx-coroutines-play-services:1.8.0=apporoReleaseRuntimeClasspath,woowtechReleaseRuntimeClasspath
org.jetbrains:annotations:23.0.0=apporoReleaseRuntimeClasspath,woowtechReleaseRuntimeClasspath
org.jspecify:jspecify:1.0.0=apporoReleaseRuntimeClasspath,woowtechReleaseRuntimeClasspath
empty=
